
Microsoft Visual Studio Solution File, Format Version 12.00
# Visual Studio Version 17
VisualStudioVersion = 17.2.32630.192
MinimumVisualStudioVersion = 10.0.40219.1
Project("{9A19103F-16F7-4668-BE54-9A1E7A4F7556}") = "Mul-Ty-Player Client", "MulTyPlayerClient\Mul-Ty-Player Client.csproj", "{949DCE2F-61FB-46B8-B18D-C96842EF7A9F}"
EndProject
Project("{9A19103F-16F7-4668-BE54-9A1E7A4F7556}") = "Mul-Ty-Player Server CLI", "MulTyPlayerServer\Mul-Ty-Player Server CLI.csproj", "{8FC2F74F-3012-4187-A11E-A02D395533FE}"
EndProject
Project("{2150E333-8FDC-42A3-9474-1A3956D46DE8}") = "Solution Items", "Solution Items", "{AC07365F-39B3-43EE-B08B-AEDAAE322F2A}"
	ProjectSection(SolutionItems) = preProject
		README.md = README.md
	EndProjectSection
EndProject
Project("{54435603-DBB4-11D2-8724-00A0C9A8B90C}") = "MulTyPlayer Installer", "MulTyPlayer Installer\MulTyPlayer Installer.vdproj", "{4E75F27B-0DAE-4A89-93A4-2E4819D9158D}"
EndProject
Project("{FAE04EC0-301F-11D3-BF4B-00C04F79EFBC}") = "Mul-Ty-Player Updater", "Mul-Ty-Player Updater\Mul-Ty-Player Updater.csproj", "{FF8F343C-91B1-4892-A357-C6DAE7B3EECC}"
EndProject
Global
	GlobalSection(SolutionConfigurationPlatforms) = preSolution
		All|Any CPU = All|Any CPU
		All|x64 = All|x64
		All|x86 = All|x86
		Debug|Any CPU = Debug|Any CPU
		Debug|x64 = Debug|x64
		Debug|x86 = Debug|x86
		Release|Any CPU = Release|Any CPU
		Release|x64 = Release|x64
		Release|x86 = Release|x86
	EndGlobalSection
	GlobalSection(ProjectConfigurationPlatforms) = postSolution
		{949DCE2F-61FB-46B8-B18D-C96842EF7A9F}.All|Any CPU.ActiveCfg = Release|Any CPU
		{949DCE2F-61FB-46B8-B18D-C96842EF7A9F}.All|Any CPU.Build.0 = Release|Any CPU
		{949DCE2F-61FB-46B8-B18D-C96842EF7A9F}.All|x64.ActiveCfg = Debug|x64
		{949DCE2F-61FB-46B8-B18D-C96842EF7A9F}.All|x64.Build.0 = Debug|x64
		{949DCE2F-61FB-46B8-B18D-C96842EF7A9F}.All|x86.ActiveCfg = Debug|x86
		{949DCE2F-61FB-46B8-B18D-C96842EF7A9F}.All|x86.Build.0 = Debug|x86
		{949DCE2F-61FB-46B8-B18D-C96842EF7A9F}.Debug|Any CPU.ActiveCfg = Debug|Any CPU
		{949DCE2F-61FB-46B8-B18D-C96842EF7A9F}.Debug|Any CPU.Build.0 = Debug|Any CPU
		{949DCE2F-61FB-46B8-B18D-C96842EF7A9F}.Debug|x64.ActiveCfg = Debug|Any CPU
		{949DCE2F-61FB-46B8-B18D-C96842EF7A9F}.Debug|x64.Build.0 = Debug|Any CPU
		{949DCE2F-61FB-46B8-B18D-C96842EF7A9F}.Debug|x86.ActiveCfg = Debug|Any CPU
		{949DCE2F-61FB-46B8-B18D-C96842EF7A9F}.Debug|x86.Build.0 = Debug|Any CPU
		{949DCE2F-61FB-46B8-B18D-C96842EF7A9F}.Release|Any CPU.ActiveCfg = Release|Any CPU
		{949DCE2F-61FB-46B8-B18D-C96842EF7A9F}.Release|Any CPU.Build.0 = Release|Any CPU
		{949DCE2F-61FB-46B8-B18D-C96842EF7A9F}.Release|x64.ActiveCfg = Release|Any CPU
		{949DCE2F-61FB-46B8-B18D-C96842EF7A9F}.Release|x64.Build.0 = Release|Any CPU
		{949DCE2F-61FB-46B8-B18D-C96842EF7A9F}.Release|x86.ActiveCfg = Release|Any CPU
		{949DCE2F-61FB-46B8-B18D-C96842EF7A9F}.Release|x86.Build.0 = Release|Any CPU
		{8FC2F74F-3012-4187-A11E-A02D395533FE}.All|Any CPU.ActiveCfg = Release|Any CPU
		{8FC2F74F-3012-4187-A11E-A02D395533FE}.All|Any CPU.Build.0 = Release|Any CPU
		{8FC2F74F-3012-4187-A11E-A02D395533FE}.All|x64.ActiveCfg = Debug|x64
		{8FC2F74F-3012-4187-A11E-A02D395533FE}.All|x64.Build.0 = Debug|x64
		{8FC2F74F-3012-4187-A11E-A02D395533FE}.All|x86.ActiveCfg = Debug|x86
		{8FC2F74F-3012-4187-A11E-A02D395533FE}.All|x86.Build.0 = Debug|x86
		{8FC2F74F-3012-4187-A11E-A02D395533FE}.Debug|Any CPU.ActiveCfg = Debug|Any CPU
		{8FC2F74F-3012-4187-A11E-A02D395533FE}.Debug|Any CPU.Build.0 = Debug|Any CPU
		{8FC2F74F-3012-4187-A11E-A02D395533FE}.Debug|x64.ActiveCfg = Debug|Any CPU
		{8FC2F74F-3012-4187-A11E-A02D395533FE}.Debug|x64.Build.0 = Debug|Any CPU
		{8FC2F74F-3012-4187-A11E-A02D395533FE}.Debug|x86.ActiveCfg = Debug|Any CPU
		{8FC2F74F-3012-4187-A11E-A02D395533FE}.Debug|x86.Build.0 = Debug|Any CPU
		{8FC2F74F-3012-4187-A11E-A02D395533FE}.Release|Any CPU.ActiveCfg = Release|Any CPU
		{8FC2F74F-3012-4187-A11E-A02D395533FE}.Release|Any CPU.Build.0 = Release|Any CPU
		{8FC2F74F-3012-4187-A11E-A02D395533FE}.Release|x64.ActiveCfg = Release|Any CPU
		{8FC2F74F-3012-4187-A11E-A02D395533FE}.Release|x64.Build.0 = Release|Any CPU
		{8FC2F74F-3012-4187-A11E-A02D395533FE}.Release|x86.ActiveCfg = Release|Any CPU
		{8FC2F74F-3012-4187-A11E-A02D395533FE}.Release|x86.Build.0 = Release|Any CPU
		{4E75F27B-0DAE-4A89-93A4-2E4819D9158D}.All|Any CPU.ActiveCfg = Debug
		{4E75F27B-0DAE-4A89-93A4-2E4819D9158D}.All|x64.ActiveCfg = Debug
		{4E75F27B-0DAE-4A89-93A4-2E4819D9158D}.All|x86.ActiveCfg = Debug
		{4E75F27B-0DAE-4A89-93A4-2E4819D9158D}.Debug|Any CPU.ActiveCfg = Debug
		{4E75F27B-0DAE-4A89-93A4-2E4819D9158D}.Debug|x64.ActiveCfg = Debug
		{4E75F27B-0DAE-4A89-93A4-2E4819D9158D}.Debug|x86.ActiveCfg = Debug
		{4E75F27B-0DAE-4A89-93A4-2E4819D9158D}.Release|Any CPU.ActiveCfg = Release
		{4E75F27B-0DAE-4A89-93A4-2E4819D9158D}.Release|x64.ActiveCfg = Release
		{4E75F27B-0DAE-4A89-93A4-2E4819D9158D}.Release|x86.ActiveCfg = Release
		{FF8F343C-91B1-4892-A357-C6DAE7B3EECC}.All|Any CPU.ActiveCfg = Debug|Any CPU
		{FF8F343C-91B1-4892-A357-C6DAE7B3EECC}.All|Any CPU.Build.0 = Debug|Any CPU
		{FF8F343C-91B1-4892-A357-C6DAE7B3EECC}.All|x64.ActiveCfg = Debug|Any CPU
		{FF8F343C-91B1-4892-A357-C6DAE7B3EECC}.All|x64.Build.0 = Debug|Any CPU
		{FF8F343C-91B1-4892-A357-C6DAE7B3EECC}.All|x86.ActiveCfg = Debug|Any CPU
		{FF8F343C-91B1-4892-A357-C6DAE7B3EECC}.All|x86.Build.0 = Debug|Any CPU
		{FF8F343C-91B1-4892-A357-C6DAE7B3EECC}.Debug|Any CPU.ActiveCfg = Debug|Any CPU
		{FF8F343C-91B1-4892-A357-C6DAE7B3EECC}.Debug|Any CPU.Build.0 = Debug|Any CPU
		{FF8F343C-91B1-4892-A357-C6DAE7B3EECC}.Debug|x64.ActiveCfg = Debug|Any CPU
		{FF8F343C-91B1-4892-A357-C6DAE7B3EECC}.Debug|x64.Build.0 = Debug|Any CPU
		{FF8F343C-91B1-4892-A357-C6DAE7B3EECC}.Debug|x86.ActiveCfg = Debug|Any CPU
		{FF8F343C-91B1-4892-A357-C6DAE7B3EECC}.Debug|x86.Build.0 = Debug|Any CPU
		{FF8F343C-91B1-4892-A357-C6DAE7B3EECC}.Release|Any CPU.ActiveCfg = Release|Any CPU
		{FF8F343C-91B1-4892-A357-C6DAE7B3EECC}.Release|Any CPU.Build.0 = Release|Any CPU
		{FF8F343C-91B1-4892-A357-C6DAE7B3EECC}.Release|x64.ActiveCfg = Release|Any CPU
		{FF8F343C-91B1-4892-A357-C6DAE7B3EECC}.Release|x64.Build.0 = Release|Any CPU
		{FF8F343C-91B1-4892-A357-C6DAE7B3EECC}.Release|x86.ActiveCfg = Release|Any CPU
		{FF8F343C-91B1-4892-A357-C6DAE7B3EECC}.Release|x86.Build.0 = Release|Any CPU
	EndGlobalSection
	GlobalSection(SolutionProperties) = preSolution
		HideSolutionNode = FALSE
	EndGlobalSection
	GlobalSection(ExtensibilityGlobals) = postSolution
		SolutionGuid = {8055B12A-67E1-4A3F-8CAA-1384B192C2D0}
	EndGlobalSection
EndGlobal
